// !$*UTF8*$!
{
	archiveVersion = 1;
	classes = {
	};
	objectVersion = 50;
	objects = {

/* Begin PBXBuildFile section */
		B06923E926429059006324E0 /* AppDelegate.m in Sources */ = {isa = PBXBuildFile; fileRef = B06923E826429059006324E0 /* AppDelegate.m */; };
		B06923EC26429059006324E0 /* SceneDelegate.m in Sources */ = {isa = PBXBuildFile; fileRef = B06923EB26429059006324E0 /* SceneDelegate.m */; };
		B06923EF26429059006324E0 /* ViewController.m in Sources */ = {isa = PBXBuildFile; fileRef = B06923EE26429059006324E0 /* ViewController.m */; };
		B06923F226429059006324E0 /* Main.storyboard in Resources */ = {isa = PBXBuildFile; fileRef = B06923F026429059006324E0 /* Main.storyboard */; };
		B06923F42642905A006324E0 /* Assets.xcassets in Resources */ = {isa = PBXBuildFile; fileRef = B06923F32642905A006324E0 /* Assets.xcassets */; };
		B06923F72642905A006324E0 /* LaunchScreen.storyboard in Resources */ = {isa = PBXBuildFile; fileRef = B06923F52642905A006324E0 /* LaunchScreen.storyboard */; };
		B06923FA2642905A006324E0 /* main.m in Sources */ = {isa = PBXBuildFile; fileRef = B06923F92642905A006324E0 /* main.m */; };
		B0FDDA192651194E00E2BD73 /* en.strings in Resources */ = {isa = PBXBuildFile; fileRef = B0FDDA1B2651194E00E2BD73 /* en.strings */; };
		B0FDDA1D2651195E00E2BD73 /* zh.strings in Resources */ = {isa = PBXBuildFile; fileRef = B0FDDA1F2651195E00E2BD73 /* zh.strings */; };
/* End PBXBuildFile section */

/* Begin PBXFileReference section */
		B06923E426429059006324E0 /* ButtonTextNotification.app */ = {isa = PBXFileReference; explicitFileType = wrapper.application; includeInIndex = 0; path = ButtonTextNotification.app; sourceTree = BUILT_PRODUCTS_DIR; };
		B06923E726429059006324E0 /* AppDelegate.h */ = {isa = PBXFileReference; lastKnownFileType = sourcecode.c.h; path = AppDelegate.h; sourceTree = "<group>"; };
		B06923E826429059006324E0 /* AppDelegate.m */ = {isa = PBXFileReference; lastKnownFileType = sourcecode.c.objc; path = AppDelegate.m; sourceTree = "<group>"; };
		B06923EA26429059006324E0 /* SceneDelegate.h */ = {isa = PBXFileReference; lastKnownFileType = sourcecode.c.h; path = SceneDelegate.h; sourceTree = "<group>"; };
		B06923EB26429059006324E0 /* SceneDelegate.m */ = {isa = PBXFileReference; lastKnownFileType = sourcecode.c.objc; path = SceneDelegate.m; sourceTree = "<group>"; };
		B06923ED26429059006324E0 /* ViewController.h */ = {isa = PBXFileReference; lastKnownFileType = sourcecode.c.h; path = ViewController.h; sourceTree = "<group>"; };
		B06923EE26429059006324E0 /* ViewController.m */ = {isa = PBXFileReference; lastKnownFileType = sourcecode.c.objc; path = ViewController.m; sourceTree = "<group>"; };
		B06923F126429059006324E0 /* Base */ = {isa = PBXFileReference; lastKnownFileType = file.storyboard; name = Base; path = Base.lproj/Main.storyboard; sourceTree = "<group>"; };
		B06923F32642905A006324E0 /* Assets.xcassets */ = {isa = PBXFileReference; lastKnownFileType = folder.assetcatalog; path = Assets.xcassets; sourceTree = "<group>"; };
		B06923F62642905A006324E0 /* Base */ = {isa = PBXFileReference; lastKnownFileType = file.storyboard; name = Base; path = Base.lproj/LaunchScreen.storyboard; sourceTree = "<group>"; };
		B06923F82642905A006324E0 /* Info.plist */ = {isa = PBXFileReference; lastKnownFileType = text.plist.xml; path = Info.plist; sourceTree = "<group>"; };
		B06923F92642905A006324E0 /* main.m */ = {isa = PBXFileReference; lastKnownFileType = sourcecode.c.objc; path = main.m; sourceTree = "<group>"; };
		B0FDDA1A2651194E00E2BD73 /* en */ = {isa = PBXFileReference; lastKnownFileType = text.plist.strings; name = en; path = en.lproj/en.strings; sourceTree = "<group>"; };
		B0FDDA1E2651195E00E2BD73 /* en */ = {isa = PBXFileReference; lastKnownFileType = text.plist.strings; name = en; path = en.lproj/zh.strings; sourceTree = "<group>"; };
/* End PBXFileReference section */

/* Begin PBXFrameworksBuildPhase section */
		B06923E126429059006324E0 /* Frameworks */ = {
			isa = PBXFrameworksBuildPhase;
			buildActionMask = 2147483647;
			files = (
			);
			runOnlyForDeploymentPostprocessing = 0;
		};
/* End PBXFrameworksBuildPhase section */

/* Begin PBXGroup section */
		B06923DB26429059006324E0 = {
			isa = PBXGroup;
			children = (
				B06923E626429059006324E0 /* ButtonTextNotification */,
				B06923E526429059006324E0 /* Products */,
			);
			sourceTree = "<group>";
		};
		B06923E526429059006324E0 /* Products */ = {
			isa = PBXGroup;
			children = (
				B06923E426429059006324E0 /* ButtonTextNotification.app */,
			);
			name = Products;
			sourceTree = "<group>";
		};
		B06923E626429059006324E0 /* ButtonTextNotification */ = {
			isa = PBXGroup;
			children = (
				B06923E726429059006324E0 /* AppDelegate.h */,
				B06923E826429059006324E0 /* AppDelegate.m */,
				B06923EA26429059006324E0 /* SceneDelegate.h */,
				B06923EB26429059006324E0 /* SceneDelegate.m */,
				B06923ED26429059006324E0 /* ViewController.h */,
				B06923EE26429059006324E0 /* ViewController.m */,
				B0FDDA1B2651194E00E2BD73 /* en.strings */,
				B0FDDA1F2651195E00E2BD73 /* zh.strings */,
				B06923F026429059006324E0 /* Main.storyboard */,
				B06923F32642905A006324E0 /* Assets.xcassets */,
				B06923F52642905A006324E0 /* LaunchScreen.storyboard */,
				B06923F82642905A006324E0 /* Info.plist */,
				B06923F92642905A006324E0 /* main.m */,
			);
			path = ButtonTextNotification;
			sourceTree = "<group>";
		};
/* End PBXGroup section */

/* Begin PBXNativeTarget section */
		B06923E326429059006324E0 /* ButtonTextNotification */ = {
			isa = PBXNativeTarget;
			buildConfigurationList = B06923FD2642905A006324E0 /* Build configuration list for PBXNativeTarget "ButtonTextNotification" */;
			buildPhases = (
				B06923E026429059006324E0 /* Sources */,
				B06923E126429059006324E0 /* Frameworks */,
				B06923E226429059006324E0 /* Resources */,
			);
			buildRules = (
			);
			dependencies = (
			);
			name = ButtonTextNotification;
			productName = ButtonTextNotification;
			productReference = B06923E426429059006324E0 /* ButtonTextNotification.app */;
			productType = "com.apple.product-type.application";
		};
/* End PBXNativeTarget section */

/* Begin PBXProject section */
		B06923DC26429059006324E0 /* Project object */ = {
			isa = PBXProject;
			attributes = {
				LastUpgradeCheck = 1240;
				TargetAttributes = {
					B06923E326429059006324E0 = {
						CreatedOnToolsVersion = 12.4;
					};
				};
			};
			buildConfigurationList = B06923DF26429059006324E0 /* Build configuration list for PBXProject "ButtonTextNotification" */;
			compatibilityVersion = "Xcode 9.3";
			developmentRegion = en;
			hasScannedForEncodings = 0;
			knownRegions = (
				en,
				Base,
			);
			mainGroup = B06923DB26429059006324E0;
			productRefGroup = B06923E526429059006324E0 /* Products */;
			projectDirPath = "";
			projectRoot = "";
			targets = (
				B06923E326429059006324E0 /* ButtonTextNotification */,
			);
		};
/* End PBXProject section */

/* Begin PBXResourcesBuildPhase section */
		B06923E226429059006324E0 /* Resources */ = {
			isa = PBXResourcesBuildPhase;
			buildActionMask = 2147483647;
			files = (
				B06923F72642905A006324E0 /* LaunchScreen.storyboard in Resources */,
				B0FDDA192651194E00E2BD73 /* en.strings in Resources */,
				B0FDDA1D2651195E00E2BD73 /* zh.strings in Resources */,
				B06923F42642905A006324E0 /* Assets.xcassets in Resources */,
				B06923F226429059006324E0 /* Main.storyboard in Resources */,
			);
			runOnlyForDeploymentPostprocessing = 0;
		};
/* End PBXResourcesBuildPhase section */

/* Begin PBXSourcesBuildPhase section */
		B06923E026429059006324E0 /* Sources */ = {
			isa = PBXSourcesBuildPhase;
			buildActionMask = 2147483647;
			files = (
				B06923EF26429059006324E0 /* ViewController.m in Sources */,
				B06923E926429059006324E0 /* AppDelegate.m in Sources */,
				B06923FA2642905A006324E0 /* main.m in Sources */,
				B06923EC26429059006324E0 /* SceneDelegate.m in Sources */,
			);
			runOnlyForDeploymentPostprocessing = 0;
		};
/* End PBXSourcesBuildPhase section */

/* Begin PBXVariantGroup section */
		B06923F026429059006324E0 /* Main.storyboard */ = {
			isa = PBXVariantGroup;
			children = (
				B06923F126429059006324E0 /* Base */,
			);
			name = Main.storyboard;
			sourceTree = "<group>";
		};
		B06923F52642905A006324E0 /* LaunchScreen.storyboard */ = {
			isa = PBXVariantGroup;
			children = (
				B06923F62642905A006324E0 /* Base */,
			);
			name = LaunchScreen.storyboard;
			sourceTree = "<group>";
		};
		B0FDDA1B2651194E00E2BD73 /* en.strings */ = {
			isa = PBXVariantGroup;
			children = (
				B0FDDA1A2651194E00E2BD73 /* en */,
			);
			name = en.strings;
			sourceTree = "<group>";
		};
		B0FDDA1F2651195E00E2BD73 /* zh.strings */ = {
			isa = PBXVariantGroup;
			children = (
				B0FDDA1E2651195E00E2BD73 /* en */,
			);
			name = zh.strings;
			sourceTree = "<group>";
		};
/* End PBXVariantGroup section */

/* Begin XCBuildConfiguration section */
		B06923FB2642905A006324E0 /* Debug */ = {
			isa = XCBuildConfiguration;
			buildSettings = {
				ALWAYS_SEARCH_USER_PATHS = NO;
				CLANG_ANALYZER_NONNULL = YES;
				CLANG_ANALYZER_NUMBER_OBJECT_CONVERSION = YES_AGGRESSIVE;
				CLANG_CXX_LANGUAGE_STANDARD = "gnu++14";
				CLANG_CXX_LIBRARY = "libc++";
				CLANG_ENABLE_MODULES = YES;
				CLANG_ENABLE_OBJC_ARC = YES;
				CLANG_ENABLE_OBJC_WEAK = YES;
				CLANG_WARN_BLOCK_CAPTURE_AUTORELEASING = YES;
				CLANG_WARN_BOOL_CONVERSION = YES;
				CLANG_WARN_COMMA = YES;
				CLANG_WARN_CONSTANT_CONVERSION = YES;
				CLANG_WARN_DEPRECATED_OBJC_IMPLEMENTATIONS = YES;
				CLANG_WARN_DIRECT_OBJC_ISA_USAGE = YES_ERROR;
				CLANG_WARN_DOCUMENTATION_COMMENTS = YES;
				CLANG_WARN_EMPTY_BODY = YES;
				CLANG_WARN_ENUM_CONVERSION = YES;
				CLANG_WARN_INFINITE_RECURSION = YES;
				CLANG_WARN_INT_CONVERSION = YES;
				CLANG_WARN_NON_LITERAL_NULL_CONVERSION = YES;
				CLANG_WARN_OBJC_IMPLICIT_RETAIN_SELF = YES;
				CLANG_WARN_OBJC_LITERAL_CONVERSION = YES;
				CLANG_WARN_OBJC_ROOT_CLASS = YES_ERROR;
				CLANG_WARN_QUOTED_INCLUDE_IN_FRAMEWORK_HEADER = YES;
				CLANG_WARN_RANGE_LOOP_ANALYSIS = YES;
				CLANG_WARN_STRICT_PROTOTYPES = YES;
				CLANG_WARN_SUSPICIOUS_MOVE = YES;
				CLANG_WARN_UNGUARDED_AVAILABILITY = YES_AGGRESSIVE;
				CLANG_WARN_UNREACHABLE_CODE = YES;
				CLANG_WARN__DUPLICATE_METHOD_MATCH = YES;
				COPY_PHASE_STRIP = NO;
				DEBUG_INFORMATION_FORMAT = dwarf;
				ENABLE_STRICT_OBJC_MSGSEND = YES;
				ENABLE_TESTABILITY = YES;
				GCC_C_LANGUAGE_STANDARD = gnu11;
				GCC_DYNAMIC_NO_PIC = NO;
				GCC_NO_COMMON_BLOCKS = YES;
				GCC_OPTIMIZATION_LEVEL = 0;
				GCC_PREPROCESSOR_DEFINITIONS = (
					"DEBUG=1",
					"$(inherited)",
				);
				GCC_WARN_64_TO_32_BIT_CONVERSION = YES;
				GCC_WARN_ABOUT_RETURN_TYPE = YES_ERROR;
				GCC_WARN_UNDECLARED_SELECTOR = YES;
				GCC_WARN_UNINITIALIZED_AUTOS = YES_AGGRESSIVE;
				GCC_WARN_UNUSED_FUNCTION = YES;
				GCC_WARN_UNUSED_VARIABLE = YES;
				IPHONEOS_DEPLOYMENT_TARGET = 9.0;
				MTL_ENABLE_DEBUG_INFO = INCLUDE_SOURCE;
				MTL_FAST_MATH = YES;
				ONLY_ACTIVE_ARCH = YES;
				SDKROOT = iphoneos;
			};
			name = Debug;
		};
		B06923FC2642905A006324E0 /* Release */ = {
			isa = XCBuildConfiguration;
			buildSettings = {
				ALWAYS_SEARCH_USER_PATHS = NO;
				CLANG_ANALYZER_NONNULL = YES;
				CLANG_ANALYZER_NUMBER_OBJECT_CONVERSION = YES_AGGRESSIVE;
				CLANG_CXX_LANGUAGE_STANDARD = "gnu++14";
				CLANG_CXX_LIBRARY = "libc++";
				CLANG_ENABLE_MODULES = YES;
				CLANG_ENABLE_OBJC_ARC = YES;
				CLANG_ENABLE_OBJC_WEAK = YES;
				CLANG_WARN_BLOCK_CAPTURE_AUTORELEASING = YES;
				CLANG_WARN_BOOL_CONVERSION = YES;
				CLANG_WARN_COMMA = YES;
				CLANG_WARN_CONSTANT_CONVERSION = YES;
				CLANG_WARN_DEPRECATED_OBJC_IMPLEMENTATIONS = YES;
				CLANG_WARN_DIRECT_OBJC_ISA_USAGE = YES_ERROR;
				CLANG_WARN_DOCUMENTATION_COMMENTS = YES;
				CLANG_WARN_EMPTY_BODY = YES;
				CLANG_WARN_ENUM_CONVERSION = YES;
				CLANG_WARN_INFINITE_RECURSION = YES;
				CLANG_WARN_INT_CONVERSION = YES;
				CLANG_WARN_NON_LITERAL_NULL_CONVERSION = YES;
				CLANG_WARN_OBJC_IMPLICIT_RETAIN_SELF = YES;
				CLANG_WARN_OBJC_LITERAL_CONVERSION = YES;
				CLANG_WARN_OBJC_ROOT_CLASS = YES_ERROR;
				CLANG_WARN_QUOTED_INCLUDE_IN_FRAMEWORK_HEADER = YES;
				CLANG_WARN_RANGE_LOOP_ANALYSIS = YES;
				CLANG_WARN_STRICT_PROTOTYPES = YES;
				CLANG_WARN_SUSPICIOUS_MOVE = YES;
				CLANG_WARN_UNGUARDED_AVAILABILITY = YES_AGGRESSIVE;
				CLANG_WARN_UNREACHABLE_CODE = YES;
				CLANG_WARN__DUPLICATE_METHOD_MATCH = YES;
				COPY_PHASE_STRIP = NO;
				DEBUG_INFORMATION_FORMAT = "dwarf-with-dsym";
				ENABLE_NS_ASSERTIONS = NO;
				ENABLE_STRICT_OBJC_MSGSEND = YES;
				GCC_C_LANGUAGE_STANDARD = gnu11;
				GCC_NO_COMMON_BLOCKS = YES;
				GCC_WARN_64_TO_32_BIT_CONVERSION = YES;
				GCC_WARN_ABOUT_RETURN_TYPE = YES_ERROR;
				GCC_WARN_UNDECLARED_SELECTOR = YES;
				GCC_WARN_UNINITIALIZED_AUTOS = YES_AGGRESSIVE;
				GCC_WARN_UNUSED_FUNCTION = YES;
				GCC_WARN_UNUSED_VARIABLE = YES;
				IPHONEOS_DEPLOYMENT_TARGET = 9.0;
				MTL_ENABLE_DEBUG_INFO = NO;
				MTL_FAST_MATH = YES;
				SDKROOT = iphoneos;
				VALIDATE_PRODUCT = YES;
			};
			name = Release;
		};
		B06923FE2642905A006324E0 /* Debug */ = {
			isa = XCBuildConfiguration;
			buildSettings = {
				ASSETCATALOG_COMPILER_APPICON_NAME = AppIcon;
				ASSETCATALOG_COMPILER_GLOBAL_ACCENT_COLOR_NAME = AccentColor;
				CODE_SIGN_STYLE = Automatic;
				DEVELOPMENT_TEAM = FKVLYCJL24;
				INFOPLIST_FILE = ButtonTextNotification/Info.plist;
				LD_RUNPATH_SEARCH_PATHS = (
					"$(inherited)",
					"@executable_path/Frameworks",
				);
				PRODUCT_BUNDLE_IDENTIFIER = hanlonn.ButtonTextNotification;
				PRODUCT_NAME = "$(TARGET_NAME)";
				TARGETED_DEVICE_FAMILY = "1,2";
			};
			name = Debug;
		};
		B06923FF2642905A006324E0 /* Release */ = {
			isa = XCBuildConfiguration;
			buildSettings = {
				ASSETCATALOG_COMPILER_APPICON_NAME = AppIcon;
				ASSETCATALOG_COMPILER_GLOBAL_ACCENT_COLOR_NAME = AccentColor;
				CODE_SIGN_STYLE = Automatic;
				DEVELOPMENT_TEAM = FKVLYCJL24;
				INFOPLIST_FILE = ButtonTextNotification/Info.plist;
				LD_RUNPATH_SEARCH_PATHS = (
					"$(inherited)",
					"@executable_path/Frameworks",
				);
				PRODUCT_BUNDLE_IDENTIFIER = hanlonn.ButtonTextNotification;
				PRODUCT_NAME = "$(TARGET_NAME)";
				TARGETED_DEVICE_FAMILY = "1,2";
			};
			name = Release;
		};
/* End XCBuildConfiguration section */

/* Begin XCConfigurationList section */
		B06923DF26429059006324E0 /* Build configuration list for PBXProject "ButtonTextNotification" */ = {
			isa = XCConfigurationList;
			buildConfigurations = (
				B06923FB2642905A006324E0 /* Debug */,
				B06923FC2642905A006324E0 /* Release */,
			);
			defaultConfigurationIsVisible = 0;
			defaultConfigurationName = Release;
		};
		B06923FD2642905A006324E0 /* Build configuration list for PBXNativeTarget "ButtonTextNotification" */ = {
			isa = XCConfigurationList;
			buildConfigurations = (
				B06923FE2642905A006324E0 /* Debug */,
				B06923FF2642905A006324E0 /* Release */,
			);
			defaultConfigurationIsVisible = 0;
			defaultConfigurationName = Release;
		};
/* End XCConfigurationList section */
	};
	rootObject = B06923DC26429059006324E0 /* Project object */;
}
